
Microsoft Visual Studio Solution File, Format Version 12.00
# Visual Studio Version 16
VisualStudioVersion = 16.0.31911.196
MinimumVisualStudioVersion = 10.0.40219.1
Project("{FAE04EC0-301F-11D3-BF4B-00C04F79EFBC}") = "HandsOnAPIUsingEFCodeFirst", "HandsOnAPIUsingEFCodeFirst\HandsOnAPIUsingEFCodeFirst.csproj", "{4655B2F7-F284-4A85-B8A6-5E80D7B579DE}"
EndProject
Global
	GlobalSection(SolutionConfigurationPlatforms) = preSolution
		Debug|Any CPU = Debug|Any CPU
		Release|Any CPU = Release|Any CPU
	EndGlobalSection
	GlobalSection(ProjectConfigurationPlatforms) = postSolution
		{4655B2F7-F284-4A85-B8A6-5E80D7B579DE}.Debug|Any CPU.ActiveCfg = Debug|Any CPU
		{4655B2F7-F284-4A85-B8A6-5E80D7B579DE}.Debug|Any CPU.Build.0 = Debug|Any CPU
		{4655B2F7-F284-4A85-B8A6-5E80D7B579DE}.Release|Any CPU.ActiveCfg = Release|Any CPU
		{4655B2F7-F284-4A85-B8A6-5E80D7B579DE}.Release|Any CPU.Build.0 = Release|Any CPU
	EndGlobalSection
	GlobalSection(SolutionProperties) = preSolution
		HideSolutionNode = FALSE
	EndGlobalSection
	GlobalSection(ExtensibilityGlobals) = postSolution
		SolutionGuid = {E8EFD915-5970-441C-BA27-011A80040B72}
	EndGlobalSection
EndGlobal
