
Microsoft Visual Studio Solution File, Format Version 12.00
# Visual Studio Version 17
VisualStudioVersion = 17.2.32516.85
MinimumVisualStudioVersion = 10.0.40219.1
Project("{FAE04EC0-301F-11D3-BF4B-00C04F79EFBC}") = "HandsOnSOLIDPrinciples", "HandsOnSOLIDPrinciples.csproj", "{38C822B8-BA54-47BC-AEF6-EE038BC0507A}"
EndProject
Global
	GlobalSection(SolutionConfigurationPlatforms) = preSolution
		Debug|Any CPU = Debug|Any CPU
		Release|Any CPU = Release|Any CPU
	EndGlobalSection
	GlobalSection(ProjectConfigurationPlatforms) = postSolution
		{38C822B8-BA54-47BC-AEF6-EE038BC0507A}.Debug|Any CPU.ActiveCfg = Debug|Any CPU
		{38C822B8-BA54-47BC-AEF6-EE038BC0507A}.Debug|Any CPU.Build.0 = Debug|Any CPU
		{38C822B8-BA54-47BC-AEF6-EE038BC0507A}.Release|Any CPU.ActiveCfg = Release|Any CPU
		{38C822B8-BA54-47BC-AEF6-EE038BC0507A}.Release|Any CPU.Build.0 = Release|Any CPU
	EndGlobalSection
	GlobalSection(SolutionProperties) = preSolution
		HideSolutionNode = FALSE
	EndGlobalSection
	GlobalSection(ExtensibilityGlobals) = postSolution
		SolutionGuid = {4B415DA3-F07C-4F48-9BEE-77F00DA08F16}
	EndGlobalSection
EndGlobal
