
Microsoft Visual Studio Solution File, Format Version 12.00
# Visual Studio Version 17
VisualStudioVersion = 17.2.32516.85
MinimumVisualStudioVersion = 10.0.40219.1
Project("{FAE04EC0-301F-11D3-BF4B-00C04F79EFBC}") = "HandsOnDesignPatterns", "HandsOnDesignPatterns.csproj", "{66B00F08-90F9-4DE3-B080-1FE89E64AB7E}"
EndProject
Global
	GlobalSection(SolutionConfigurationPlatforms) = preSolution
		Debug|Any CPU = Debug|Any CPU
		Release|Any CPU = Release|Any CPU
	EndGlobalSection
	GlobalSection(ProjectConfigurationPlatforms) = postSolution
		{66B00F08-90F9-4DE3-B080-1FE89E64AB7E}.Debug|Any CPU.ActiveCfg = Debug|Any CPU
		{66B00F08-90F9-4DE3-B080-1FE89E64AB7E}.Debug|Any CPU.Build.0 = Debug|Any CPU
		{66B00F08-90F9-4DE3-B080-1FE89E64AB7E}.Release|Any CPU.ActiveCfg = Release|Any CPU
		{66B00F08-90F9-4DE3-B080-1FE89E64AB7E}.Release|Any CPU.Build.0 = Release|Any CPU
	EndGlobalSection
	GlobalSection(SolutionProperties) = preSolution
		HideSolutionNode = FALSE
	EndGlobalSection
	GlobalSection(ExtensibilityGlobals) = postSolution
		SolutionGuid = {A5CE29DD-D227-4792-9513-9BDB94A6C59B}
	EndGlobalSection
EndGlobal
