
Microsoft Visual Studio Solution File, Format Version 12.00
# Visual Studio Version 16
VisualStudioVersion = 16.0.30907.101
MinimumVisualStudioVersion = 10.0.40219.1
Project("{FAE04EC0-301F-11D3-BF4B-00C04F79EFBC}") = "HandsOnDateAndTimes", "HandsOnDateAndTimes\HandsOnDateAndTimes.csproj", "{1DE0B6FE-1D9A-4F84-BA2A-21947E011098}"
EndProject
Global
	GlobalSection(SolutionConfigurationPlatforms) = preSolution
		Debug|Any CPU = Debug|Any CPU
		Release|Any CPU = Release|Any CPU
	EndGlobalSection
	GlobalSection(ProjectConfigurationPlatforms) = postSolution
		{1DE0B6FE-1D9A-4F84-BA2A-21947E011098}.Debug|Any CPU.ActiveCfg = Debug|Any CPU
		{1DE0B6FE-1D9A-4F84-BA2A-21947E011098}.Debug|Any CPU.Build.0 = Debug|Any CPU
		{1DE0B6FE-1D9A-4F84-BA2A-21947E011098}.Release|Any CPU.ActiveCfg = Release|Any CPU
		{1DE0B6FE-1D9A-4F84-BA2A-21947E011098}.Release|Any CPU.Build.0 = Release|Any CPU
	EndGlobalSection
	GlobalSection(SolutionProperties) = preSolution
		HideSolutionNode = FALSE
	EndGlobalSection
	GlobalSection(ExtensibilityGlobals) = postSolution
		SolutionGuid = {53EACDE6-F811-4A00-B519-6DCD8772EDA9}
	EndGlobalSection
EndGlobal
